// !$*UTF8*$!
{
	archiveVersion = 1;
	classes = {
	};
	objectVersion = 50;
	objects = {

/* Begin PBXBuildFile section */
		4090D44621080C33004E6B34 /* AppDelegate.m in Sources */ = {isa = PBXBuildFile; fileRef = 4090D44521080C33004E6B34 /* AppDelegate.m */; };
		4090D44921080C33004E6B34 /* ViewController.m in Sources */ = {isa = PBXBuildFile; fileRef = 4090D44821080C33004E6B34 /* ViewController.m */; };
		4090D44E21080C36004E6B34 /* Assets.xcassets in Resources */ = {isa = PBXBuildFile; fileRef = 4090D44D21080C36004E6B34 /* Assets.xcassets */; };
		4090D45421080C36004E6B34 /* main.m in Sources */ = {isa = PBXBuildFile; fileRef = 4090D45321080C36004E6B34 /* main.m */; };
		4090D47C21080C9E004E6B34 /* CZPickerView.m in Sources */ = {isa = PBXBuildFile; fileRef = 4090D47821080C9E004E6B34 /* CZPickerView.m */; };
		4090D48021080CE9004E6B34 /* PickerViewTableViewCell.m in Sources */ = {isa = PBXBuildFile; fileRef = 4090D47E21080CE9004E6B34 /* PickerViewTableViewCell.m */; };
		4090D48421080D1F004E6B34 /* UsefulTool.m in Sources */ = {isa = PBXBuildFile; fileRef = 4090D48321080D1F004E6B34 /* UsefulTool.m */; };
/* End PBXBuildFile section */

/* Begin PBXFileReference section */
		4090D44121080C33004E6B34 /* RSPickerViewDemo.app */ = {isa = PBXFileReference; explicitFileType = wrapper.application; includeInIndex = 0; path = RSPickerViewDemo.app; sourceTree = BUILT_PRODUCTS_DIR; };
		4090D44421080C33004E6B34 /* AppDelegate.h */ = {isa = PBXFileReference; lastKnownFileType = sourcecode.c.h; path = AppDelegate.h; sourceTree = "<group>"; };
		4090D44521080C33004E6B34 /* AppDelegate.m */ = {isa = PBXFileReference; lastKnownFileType = sourcecode.c.objc; path = AppDelegate.m; sourceTree = "<group>"; };
		4090D44721080C33004E6B34 /* ViewController.h */ = {isa = PBXFileReference; lastKnownFileType = sourcecode.c.h; path = ViewController.h; sourceTree = "<group>"; };
		4090D44821080C33004E6B34 /* ViewController.m */ = {isa = PBXFileReference; lastKnownFileType = sourcecode.c.objc; path = ViewController.m; sourceTree = "<group>"; };
		4090D44D21080C36004E6B34 /* Assets.xcassets */ = {isa = PBXFileReference; lastKnownFileType = folder.assetcatalog; path = Assets.xcassets; sourceTree = "<group>"; };
		4090D45221080C36004E6B34 /* Info.plist */ = {isa = PBXFileReference; lastKnownFileType = text.plist.xml; path = Info.plist; sourceTree = "<group>"; };
		4090D45321080C36004E6B34 /* main.m */ = {isa = PBXFileReference; lastKnownFileType = sourcecode.c.objc; path = main.m; sourceTree = "<group>"; };
		4090D47821080C9E004E6B34 /* CZPickerView.m */ = {isa = PBXFileReference; fileEncoding = 4; lastKnownFileType = sourcecode.c.objc; path = CZPickerView.m; sourceTree = "<group>"; };
		4090D47A21080C9E004E6B34 /* CZPickerView.h */ = {isa = PBXFileReference; fileEncoding = 4; lastKnownFileType = sourcecode.c.h; path = CZPickerView.h; sourceTree = "<group>"; };
		4090D47E21080CE9004E6B34 /* PickerViewTableViewCell.m */ = {isa = PBXFileReference; fileEncoding = 4; lastKnownFileType = sourcecode.c.objc; path = PickerViewTableViewCell.m; sourceTree = "<group>"; };
		4090D47F21080CE9004E6B34 /* PickerViewTableViewCell.h */ = {isa = PBXFileReference; fileEncoding = 4; lastKnownFileType = sourcecode.c.h; path = PickerViewTableViewCell.h; sourceTree = "<group>"; };
		4090D48221080D1F004E6B34 /* UsefulTool.h */ = {isa = PBXFileReference; lastKnownFileType = sourcecode.c.h; path = UsefulTool.h; sourceTree = "<group>"; };
		4090D48321080D1F004E6B34 /* UsefulTool.m */ = {isa = PBXFileReference; lastKnownFileType = sourcecode.c.objc; path = UsefulTool.m; sourceTree = "<group>"; };
/* End PBXFileReference section */

/* Begin PBXFrameworksBuildPhase section */
		4090D43E21080C33004E6B34 /* Frameworks */ = {
			isa = PBXFrameworksBuildPhase;
			buildActionMask = 2147483647;
			files = (
			);
			runOnlyForDeploymentPostprocessing = 0;
		};
/* End PBXFrameworksBuildPhase section */

/* Begin PBXGroup section */
		4090D43821080C33004E6B34 = {
			isa = PBXGroup;
			children = (
				4090D44321080C33004E6B34 /* RSPickerViewDemo */,
				4090D44221080C33004E6B34 /* Products */,
			);
			sourceTree = "<group>";
		};
		4090D44221080C33004E6B34 /* Products */ = {
			isa = PBXGroup;
			children = (
				4090D44121080C33004E6B34 /* RSPickerViewDemo.app */,
			);
			name = Products;
			sourceTree = "<group>";
		};
		4090D44321080C33004E6B34 /* RSPickerViewDemo */ = {
			isa = PBXGroup;
			children = (
				4090D44721080C33004E6B34 /* ViewController.h */,
				4090D44821080C33004E6B34 /* ViewController.m */,
				4090D47621080C9E004E6B34 /* RSPickerView */,
				4090D44421080C33004E6B34 /* AppDelegate.h */,
				4090D44521080C33004E6B34 /* AppDelegate.m */,
				4090D44D21080C36004E6B34 /* Assets.xcassets */,
				4090D45221080C36004E6B34 /* Info.plist */,
				4090D45321080C36004E6B34 /* main.m */,
			);
			path = RSPickerViewDemo;
			sourceTree = "<group>";
		};
		4090D47621080C9E004E6B34 /* RSPickerView */ = {
			isa = PBXGroup;
			children = (
				4090D48121080CF0004E6B34 /* Tool */,
				4090D47D21080CE9004E6B34 /* CustomTableViewCell */,
				4090D47A21080C9E004E6B34 /* CZPickerView.h */,
				4090D47821080C9E004E6B34 /* CZPickerView.m */,
			);
			path = RSPickerView;
			sourceTree = "<group>";
		};
		4090D47D21080CE9004E6B34 /* CustomTableViewCell */ = {
			isa = PBXGroup;
			children = (
				4090D47F21080CE9004E6B34 /* PickerViewTableViewCell.h */,
				4090D47E21080CE9004E6B34 /* PickerViewTableViewCell.m */,
			);
			path = CustomTableViewCell;
			sourceTree = "<group>";
		};
		4090D48121080CF0004E6B34 /* Tool */ = {
			isa = PBXGroup;
			children = (
				4090D48221080D1F004E6B34 /* UsefulTool.h */,
				4090D48321080D1F004E6B34 /* UsefulTool.m */,
			);
			path = Tool;
			sourceTree = "<group>";
		};
/* End PBXGroup section */

/* Begin PBXNativeTarget section */
		4090D44021080C33004E6B34 /* RSPickerViewDemo */ = {
			isa = PBXNativeTarget;
			buildConfigurationList = 4090D46D21080C36004E6B34 /* Build configuration list for PBXNativeTarget "RSPickerViewDemo" */;
			buildPhases = (
				4090D43D21080C33004E6B34 /* Sources */,
				4090D43E21080C33004E6B34 /* Frameworks */,
				4090D43F21080C33004E6B34 /* Resources */,
			);
			buildRules = (
			);
			dependencies = (
			);
			name = RSPickerViewDemo;
			productName = RSPickerViewDemo;
			productReference = 4090D44121080C33004E6B34 /* RSPickerViewDemo.app */;
			productType = "com.apple.product-type.application";
		};
/* End PBXNativeTarget section */

/* Begin PBXProject section */
		4090D43921080C33004E6B34 /* Project object */ = {
			isa = PBXProject;
			attributes = {
				LastUpgradeCheck = 0940;
				ORGANIZATIONNAME = "Rebecca Huang";
				TargetAttributes = {
					4090D44021080C33004E6B34 = {
						CreatedOnToolsVersion = 9.4.1;
					};
				};
			};
			buildConfigurationList = 4090D43C21080C33004E6B34 /* Build configuration list for PBXProject "RSPickerViewDemo" */;
			compatibilityVersion = "Xcode 9.3";
			developmentRegion = en;
			hasScannedForEncodings = 0;
			knownRegions = (
				en,
				Base,
			);
			mainGroup = 4090D43821080C33004E6B34;
			productRefGroup = 4090D44221080C33004E6B34 /* Products */;
			projectDirPath = "";
			projectRoot = "";
			targets = (
				4090D44021080C33004E6B34 /* RSPickerViewDemo */,
			);
		};
/* End PBXProject section */

/* Begin PBXResourcesBuildPhase section */
		4090D43F21080C33004E6B34 /* Resources */ = {
			isa = PBXResourcesBuildPhase;
			buildActionMask = 2147483647;
			files = (
				4090D44E21080C36004E6B34 /* Assets.xcassets in Resources */,
			);
			runOnlyForDeploymentPostprocessing = 0;
		};
/* End PBXResourcesBuildPhase section */

/* Begin PBXSourcesBuildPhase section */
		4090D43D21080C33004E6B34 /* Sources */ = {
			isa = PBXSourcesBuildPhase;
			buildActionMask = 2147483647;
			files = (
				4090D47C21080C9E004E6B34 /* CZPickerView.m in Sources */,
				4090D48021080CE9004E6B34 /* PickerViewTableViewCell.m in Sources */,
				4090D44921080C33004E6B34 /* ViewController.m in Sources */,
				4090D45421080C36004E6B34 /* main.m in Sources */,
				4090D44621080C33004E6B34 /* AppDelegate.m in Sources */,
				4090D48421080D1F004E6B34 /* UsefulTool.m in Sources */,
			);
			runOnlyForDeploymentPostprocessing = 0;
		};
/* End PBXSourcesBuildPhase section */

/* Begin XCBuildConfiguration section */
		4090D46B21080C36004E6B34 /* Debug */ = {
			isa = XCBuildConfiguration;
			buildSettings = {
				ALWAYS_SEARCH_USER_PATHS = NO;
				CLANG_ANALYZER_NONNULL = YES;
				CLANG_ANALYZER_NUMBER_OBJECT_CONVERSION = YES_AGGRESSIVE;
				CLANG_CXX_LANGUAGE_STANDARD = "gnu++14";
				CLANG_CXX_LIBRARY = "libc++";
				CLANG_ENABLE_MODULES = YES;
				CLANG_ENABLE_OBJC_ARC = YES;
				CLANG_ENABLE_OBJC_WEAK = YES;
				CLANG_WARN_BLOCK_CAPTURE_AUTORELEASING = YES;
				CLANG_WARN_BOOL_CONVERSION = YES;
				CLANG_WARN_COMMA = YES;
				CLANG_WARN_CONSTANT_CONVERSION = YES;
				CLANG_WARN_DEPRECATED_OBJC_IMPLEMENTATIONS = YES;
				CLANG_WARN_DIRECT_OBJC_ISA_USAGE = YES_ERROR;
				CLANG_WARN_DOCUMENTATION_COMMENTS = YES;
				CLANG_WARN_EMPTY_BODY = YES;
				CLANG_WARN_ENUM_CONVERSION = YES;
				CLANG_WARN_INFINITE_RECURSION = YES;
				CLANG_WARN_INT_CONVERSION = YES;
				CLANG_WARN_NON_LITERAL_NULL_CONVERSION = YES;
				CLANG_WARN_OBJC_IMPLICIT_RETAIN_SELF = YES;
				CLANG_WARN_OBJC_LITERAL_CONVERSION = YES;
				CLANG_WARN_OBJC_ROOT_CLASS = YES_ERROR;
				CLANG_WARN_RANGE_LOOP_ANALYSIS = YES;
				CLANG_WARN_STRICT_PROTOTYPES = YES;
				CLANG_WARN_SUSPICIOUS_MOVE = YES;
				CLANG_WARN_UNGUARDED_AVAILABILITY = YES_AGGRESSIVE;
				CLANG_WARN_UNREACHABLE_CODE = YES;
				CLANG_WARN__DUPLICATE_METHOD_MATCH = YES;
				CODE_SIGN_IDENTITY = "iPhone Developer";
				COPY_PHASE_STRIP = NO;
				DEBUG_INFORMATION_FORMAT = dwarf;
				ENABLE_STRICT_OBJC_MSGSEND = YES;
				ENABLE_TESTABILITY = YES;
				GCC_C_LANGUAGE_STANDARD = gnu11;
				GCC_DYNAMIC_NO_PIC = NO;
				GCC_NO_COMMON_BLOCKS = YES;
				GCC_OPTIMIZATION_LEVEL = 0;
				GCC_PREPROCESSOR_DEFINITIONS = (
					"DEBUG=1",
					"$(inherited)",
				);
				GCC_WARN_64_TO_32_BIT_CONVERSION = YES;
				GCC_WARN_ABOUT_RETURN_TYPE = YES_ERROR;
				GCC_WARN_UNDECLARED_SELECTOR = YES;
				GCC_WARN_UNINITIALIZED_AUTOS = YES_AGGRESSIVE;
				GCC_WARN_UNUSED_FUNCTION = YES;
				GCC_WARN_UNUSED_VARIABLE = YES;
				IPHONEOS_DEPLOYMENT_TARGET = 8.0;
				MTL_ENABLE_DEBUG_INFO = YES;
				ONLY_ACTIVE_ARCH = YES;
				SDKROOT = iphoneos;
			};
			name = Debug;
		};
		4090D46C21080C36004E6B34 /* Release */ = {
			isa = XCBuildConfiguration;
			buildSettings = {
				ALWAYS_SEARCH_USER_PATHS = NO;
				CLANG_ANALYZER_NONNULL = YES;
				CLANG_ANALYZER_NUMBER_OBJECT_CONVERSION = YES_AGGRESSIVE;
				CLANG_CXX_LANGUAGE_STANDARD = "gnu++14";
				CLANG_CXX_LIBRARY = "libc++";
				CLANG_ENABLE_MODULES = YES;
				CLANG_ENABLE_OBJC_ARC = YES;
				CLANG_ENABLE_OBJC_WEAK = YES;
				CLANG_WARN_BLOCK_CAPTURE_AUTORELEASING = YES;
				CLANG_WARN_BOOL_CONVERSION = YES;
				CLANG_WARN_COMMA = YES;
				CLANG_WARN_CONSTANT_CONVERSION = YES;
				CLANG_WARN_DEPRECATED_OBJC_IMPLEMENTATIONS = YES;
				CLANG_WARN_DIRECT_OBJC_ISA_USAGE = YES_ERROR;
				CLANG_WARN_DOCUMENTATION_COMMENTS = YES;
				CLANG_WARN_EMPTY_BODY = YES;
				CLANG_WARN_ENUM_CONVERSION = YES;
				CLANG_WARN_INFINITE_RECURSION = YES;
				CLANG_WARN_INT_CONVERSION = YES;
				CLANG_WARN_NON_LITERAL_NULL_CONVERSION = YES;
				CLANG_WARN_OBJC_IMPLICIT_RETAIN_SELF = YES;
				CLANG_WARN_OBJC_LITERAL_CONVERSION = YES;
				CLANG_WARN_OBJC_ROOT_CLASS = YES_ERROR;
				CLANG_WARN_RANGE_LOOP_ANALYSIS = YES;
				CLANG_WARN_STRICT_PROTOTYPES = YES;
				CLANG_WARN_SUSPICIOUS_MOVE = YES;
				CLANG_WARN_UNGUARDED_AVAILABILITY = YES_AGGRESSIVE;
				CLANG_WARN_UNREACHABLE_CODE = YES;
				CLANG_WARN__DUPLICATE_METHOD_MATCH = YES;
				CODE_SIGN_IDENTITY = "iPhone Developer";
				COPY_PHASE_STRIP = NO;
				DEBUG_INFORMATION_FORMAT = "dwarf-with-dsym";
				ENABLE_NS_ASSERTIONS = NO;
				ENABLE_STRICT_OBJC_MSGSEND = YES;
				GCC_C_LANGUAGE_STANDARD = gnu11;
				GCC_NO_COMMON_BLOCKS = YES;
				GCC_WARN_64_TO_32_BIT_CONVERSION = YES;
				GCC_WARN_ABOUT_RETURN_TYPE = YES_ERROR;
				GCC_WARN_UNDECLARED_SELECTOR = YES;
				GCC_WARN_UNINITIALIZED_AUTOS = YES_AGGRESSIVE;
				GCC_WARN_UNUSED_FUNCTION = YES;
				GCC_WARN_UNUSED_VARIABLE = YES;
				IPHONEOS_DEPLOYMENT_TARGET = 8.0;
				MTL_ENABLE_DEBUG_INFO = NO;
				SDKROOT = iphoneos;
				VALIDATE_PRODUCT = YES;
			};
			name = Release;
		};
		4090D46E21080C36004E6B34 /* Debug */ = {
			isa = XCBuildConfiguration;
			buildSettings = {
				ASSETCATALOG_COMPILER_APPICON_NAME = AppIcon;
				CODE_SIGN_STYLE = Automatic;
				DEVELOPMENT_TEAM = HL83Y955L6;
				INFOPLIST_FILE = RSPickerViewDemo/Info.plist;
				IPHONEOS_DEPLOYMENT_TARGET = 8.0;
				LD_RUNPATH_SEARCH_PATHS = (
					"$(inherited)",
					"@executable_path/Frameworks",
				);
				PRODUCT_BUNDLE_IDENTIFIER = www.rebecca.RSPickerViewDemo;
				PRODUCT_NAME = "$(TARGET_NAME)";
				TARGETED_DEVICE_FAMILY = "1,2";
			};
			name = Debug;
		};
		4090D46F21080C36004E6B34 /* Release */ = {
			isa = XCBuildConfiguration;
			buildSettings = {
				ASSETCATALOG_COMPILER_APPICON_NAME = AppIcon;
				CODE_SIGN_STYLE = Automatic;
				DEVELOPMENT_TEAM = HL83Y955L6;
				INFOPLIST_FILE = RSPickerViewDemo/Info.plist;
				IPHONEOS_DEPLOYMENT_TARGET = 8.0;
				LD_RUNPATH_SEARCH_PATHS = (
					"$(inherited)",
					"@executable_path/Frameworks",
				);
				PRODUCT_BUNDLE_IDENTIFIER = www.rebecca.RSPickerViewDemo;
				PRODUCT_NAME = "$(TARGET_NAME)";
				TARGETED_DEVICE_FAMILY = "1,2";
			};
			name = Release;
		};
/* End XCBuildConfiguration section */

/* Begin XCConfigurationList section */
		4090D43C21080C33004E6B34 /* Build configuration list for PBXProject "RSPickerViewDemo" */ = {
			isa = XCConfigurationList;
			buildConfigurations = (
				4090D46B21080C36004E6B34 /* Debug */,
				4090D46C21080C36004E6B34 /* Release */,
			);
			defaultConfigurationIsVisible = 0;
			defaultConfigurationName = Release;
		};
		4090D46D21080C36004E6B34 /* Build configuration list for PBXNativeTarget "RSPickerViewDemo" */ = {
			isa = XCConfigurationList;
			buildConfigurations = (
				4090D46E21080C36004E6B34 /* Debug */,
				4090D46F21080C36004E6B34 /* Release */,
			);
			defaultConfigurationIsVisible = 0;
			defaultConfigurationName = Release;
		};
/* End XCConfigurationList section */
	};
	rootObject = 4090D43921080C33004E6B34 /* Project object */;
}
